
Microsoft Visual Studio Solution File, Format Version 12.00
# Visual Studio 2013
VisualStudioVersion = 12.0.31101.0
MinimumVisualStudioVersion = 10.0.40219.1
Project("{FAE04EC0-301F-11D3-BF4B-00C04F79EFBC}") = "PowerShellCplLoader", "PowerShellCplLoader\PowerShellCplLoader.csproj", "{49C045BC-59BB-4A00-85C3-4BEB59B2EE12}"
EndProject
Global
	GlobalSection(SolutionConfigurationPlatforms) = preSolution
		Debug|Any CPU = Debug|Any CPU
		Release|Any CPU = Release|Any CPU
	EndGlobalSection
	GlobalSection(ProjectConfigurationPlatforms) = postSolution
		{49C045BC-59BB-4A00-85C3-4BEB59B2EE12}.Debug|Any CPU.ActiveCfg = Debug|Any CPU
		{49C045BC-59BB-4A00-85C3-4BEB59B2EE12}.Debug|Any CPU.Build.0 = Debug|Any CPU
		{49C045BC-59BB-4A00-85C3-4BEB59B2EE12}.Release|Any CPU.ActiveCfg = Release|Any CPU
		{49C045BC-59BB-4A00-85C3-4BEB59B2EE12}.Release|Any CPU.Build.0 = Release|Any CPU
	EndGlobalSection
	GlobalSection(SolutionProperties) = preSolution
		HideSolutionNode = FALSE
	EndGlobalSection
EndGlobal
